
Microsoft Visual Studio Solution File, Format Version 12.00
# Visual Studio Version 17
VisualStudioVersion = 17.0.31903.59
MinimumVisualStudioVersion = 10.0.40219.1
Project("{FAE04EC0-301F-11D3-BF4B-00C04F79EFBC}") = "SharpBotz", "SharpBotz\SharpBotz.csproj", "{8E57D2F5-5204-4984-A581-F9D48D6B39EE}"
EndProject
Project("{FAE04EC0-301F-11D3-BF4B-00C04F79EFBC}") = "SharpBotz.Tests", "SharpBotz.Tests\SharpBotz.Tests.csproj", "{88D38FB2-4E1D-44C7-9F82-BDA7419F711B}"
EndProject
Project("{FAE04EC0-301F-11D3-BF4B-00C04F79EFBC}") = "SharpBotz.WriteDocs", "SharpBotz.WriteDocs\SharpBotz.WriteDocs.csproj", "{AA703A45-8757-41CE-AA13-9379943519F1}"
EndProject
Project("{FAE04EC0-301F-11D3-BF4B-00C04F79EFBC}") = "SharpBotz.Spectre", "SharpBotz.Spectre\SharpBotz.Spectre.csproj", "{D17A5AAE-93E5-4F7C-A177-7BE510FF6048}"
EndProject
Project("{FAE04EC0-301F-11D3-BF4B-00C04F79EFBC}") = "SharpBotz.Spectre.Console", "SharpBotz.Spectre.Console\SharpBotz.Spectre.Console.csproj", "{C1B39AFE-C124-445E-9A4B-74A9177C1B8A}"
EndProject
Project("{FAE04EC0-301F-11D3-BF4B-00C04F79EFBC}") = "SharpBotz.Challenges", "SharpBotz.Challenges\SharpBotz.Challenges.csproj", "{9BFB74FD-6B65-4EB1-9B38-EA1687C0C374}"
EndProject
Project("{FAE04EC0-301F-11D3-BF4B-00C04F79EFBC}") = "SharpBotz.Challenges.Tests", "SharpBotz.Challenges.Tests\SharpBotz.Challenges.Tests.csproj", "{3188C0C3-F055-4E93-BD92-CAAC4B932B87}"
EndProject
Project("{FAE04EC0-301F-11D3-BF4B-00C04F79EFBC}") = "SharpBotz.Challenges.Console", "SharpBotz.Challenges.Console\SharpBotz.Challenges.Console.csproj", "{91F88D43-F88E-44FB-8828-110C11B785E0}"
EndProject
Global
	GlobalSection(SolutionConfigurationPlatforms) = preSolution
		Debug|Any CPU = Debug|Any CPU
		Debug|x64 = Debug|x64
		Debug|x86 = Debug|x86
		Release|Any CPU = Release|Any CPU
		Release|x64 = Release|x64
		Release|x86 = Release|x86
	EndGlobalSection
	GlobalSection(ProjectConfigurationPlatforms) = postSolution
		{8E57D2F5-5204-4984-A581-F9D48D6B39EE}.Debug|Any CPU.ActiveCfg = Debug|Any CPU
		{8E57D2F5-5204-4984-A581-F9D48D6B39EE}.Debug|Any CPU.Build.0 = Debug|Any CPU
		{8E57D2F5-5204-4984-A581-F9D48D6B39EE}.Debug|x64.ActiveCfg = Debug|Any CPU
		{8E57D2F5-5204-4984-A581-F9D48D6B39EE}.Debug|x64.Build.0 = Debug|Any CPU
		{8E57D2F5-5204-4984-A581-F9D48D6B39EE}.Debug|x86.ActiveCfg = Debug|Any CPU
		{8E57D2F5-5204-4984-A581-F9D48D6B39EE}.Debug|x86.Build.0 = Debug|Any CPU
		{8E57D2F5-5204-4984-A581-F9D48D6B39EE}.Release|Any CPU.ActiveCfg = Release|Any CPU
		{8E57D2F5-5204-4984-A581-F9D48D6B39EE}.Release|Any CPU.Build.0 = Release|Any CPU
		{8E57D2F5-5204-4984-A581-F9D48D6B39EE}.Release|x64.ActiveCfg = Release|Any CPU
		{8E57D2F5-5204-4984-A581-F9D48D6B39EE}.Release|x64.Build.0 = Release|Any CPU
		{8E57D2F5-5204-4984-A581-F9D48D6B39EE}.Release|x86.ActiveCfg = Release|Any CPU
		{8E57D2F5-5204-4984-A581-F9D48D6B39EE}.Release|x86.Build.0 = Release|Any CPU
		{88D38FB2-4E1D-44C7-9F82-BDA7419F711B}.Debug|Any CPU.ActiveCfg = Debug|Any CPU
		{88D38FB2-4E1D-44C7-9F82-BDA7419F711B}.Debug|Any CPU.Build.0 = Debug|Any CPU
		{88D38FB2-4E1D-44C7-9F82-BDA7419F711B}.Debug|x64.ActiveCfg = Debug|Any CPU
		{88D38FB2-4E1D-44C7-9F82-BDA7419F711B}.Debug|x64.Build.0 = Debug|Any CPU
		{88D38FB2-4E1D-44C7-9F82-BDA7419F711B}.Debug|x86.ActiveCfg = Debug|Any CPU
		{88D38FB2-4E1D-44C7-9F82-BDA7419F711B}.Debug|x86.Build.0 = Debug|Any CPU
		{88D38FB2-4E1D-44C7-9F82-BDA7419F711B}.Release|Any CPU.ActiveCfg = Release|Any CPU
		{88D38FB2-4E1D-44C7-9F82-BDA7419F711B}.Release|Any CPU.Build.0 = Release|Any CPU
		{88D38FB2-4E1D-44C7-9F82-BDA7419F711B}.Release|x64.ActiveCfg = Release|Any CPU
		{88D38FB2-4E1D-44C7-9F82-BDA7419F711B}.Release|x64.Build.0 = Release|Any CPU
		{88D38FB2-4E1D-44C7-9F82-BDA7419F711B}.Release|x86.ActiveCfg = Release|Any CPU
		{88D38FB2-4E1D-44C7-9F82-BDA7419F711B}.Release|x86.Build.0 = Release|Any CPU
		{AA703A45-8757-41CE-AA13-9379943519F1}.Debug|Any CPU.ActiveCfg = Debug|Any CPU
		{AA703A45-8757-41CE-AA13-9379943519F1}.Debug|Any CPU.Build.0 = Debug|Any CPU
		{AA703A45-8757-41CE-AA13-9379943519F1}.Debug|x64.ActiveCfg = Debug|Any CPU
		{AA703A45-8757-41CE-AA13-9379943519F1}.Debug|x64.Build.0 = Debug|Any CPU
		{AA703A45-8757-41CE-AA13-9379943519F1}.Debug|x86.ActiveCfg = Debug|Any CPU
		{AA703A45-8757-41CE-AA13-9379943519F1}.Debug|x86.Build.0 = Debug|Any CPU
		{AA703A45-8757-41CE-AA13-9379943519F1}.Release|Any CPU.ActiveCfg = Release|Any CPU
		{AA703A45-8757-41CE-AA13-9379943519F1}.Release|Any CPU.Build.0 = Release|Any CPU
		{AA703A45-8757-41CE-AA13-9379943519F1}.Release|x64.ActiveCfg = Release|Any CPU
		{AA703A45-8757-41CE-AA13-9379943519F1}.Release|x64.Build.0 = Release|Any CPU
		{AA703A45-8757-41CE-AA13-9379943519F1}.Release|x86.ActiveCfg = Release|Any CPU
		{AA703A45-8757-41CE-AA13-9379943519F1}.Release|x86.Build.0 = Release|Any CPU
		{D17A5AAE-93E5-4F7C-A177-7BE510FF6048}.Debug|Any CPU.ActiveCfg = Debug|Any CPU
		{D17A5AAE-93E5-4F7C-A177-7BE510FF6048}.Debug|Any CPU.Build.0 = Debug|Any CPU
		{D17A5AAE-93E5-4F7C-A177-7BE510FF6048}.Debug|x64.ActiveCfg = Debug|Any CPU
		{D17A5AAE-93E5-4F7C-A177-7BE510FF6048}.Debug|x64.Build.0 = Debug|Any CPU
		{D17A5AAE-93E5-4F7C-A177-7BE510FF6048}.Debug|x86.ActiveCfg = Debug|Any CPU
		{D17A5AAE-93E5-4F7C-A177-7BE510FF6048}.Debug|x86.Build.0 = Debug|Any CPU
		{D17A5AAE-93E5-4F7C-A177-7BE510FF6048}.Release|Any CPU.ActiveCfg = Release|Any CPU
		{D17A5AAE-93E5-4F7C-A177-7BE510FF6048}.Release|Any CPU.Build.0 = Release|Any CPU
		{D17A5AAE-93E5-4F7C-A177-7BE510FF6048}.Release|x64.ActiveCfg = Release|Any CPU
		{D17A5AAE-93E5-4F7C-A177-7BE510FF6048}.Release|x64.Build.0 = Release|Any CPU
		{D17A5AAE-93E5-4F7C-A177-7BE510FF6048}.Release|x86.ActiveCfg = Release|Any CPU
		{D17A5AAE-93E5-4F7C-A177-7BE510FF6048}.Release|x86.Build.0 = Release|Any CPU
		{C1B39AFE-C124-445E-9A4B-74A9177C1B8A}.Debug|Any CPU.ActiveCfg = Debug|Any CPU
		{C1B39AFE-C124-445E-9A4B-74A9177C1B8A}.Debug|Any CPU.Build.0 = Debug|Any CPU
		{C1B39AFE-C124-445E-9A4B-74A9177C1B8A}.Debug|x64.ActiveCfg = Debug|Any CPU
		{C1B39AFE-C124-445E-9A4B-74A9177C1B8A}.Debug|x64.Build.0 = Debug|Any CPU
		{C1B39AFE-C124-445E-9A4B-74A9177C1B8A}.Debug|x86.ActiveCfg = Debug|Any CPU
		{C1B39AFE-C124-445E-9A4B-74A9177C1B8A}.Debug|x86.Build.0 = Debug|Any CPU
		{C1B39AFE-C124-445E-9A4B-74A9177C1B8A}.Release|Any CPU.ActiveCfg = Release|Any CPU
		{C1B39AFE-C124-445E-9A4B-74A9177C1B8A}.Release|Any CPU.Build.0 = Release|Any CPU
		{C1B39AFE-C124-445E-9A4B-74A9177C1B8A}.Release|x64.ActiveCfg = Release|Any CPU
		{C1B39AFE-C124-445E-9A4B-74A9177C1B8A}.Release|x64.Build.0 = Release|Any CPU
		{C1B39AFE-C124-445E-9A4B-74A9177C1B8A}.Release|x86.ActiveCfg = Release|Any CPU
		{C1B39AFE-C124-445E-9A4B-74A9177C1B8A}.Release|x86.Build.0 = Release|Any CPU
		{9BFB74FD-6B65-4EB1-9B38-EA1687C0C374}.Debug|Any CPU.ActiveCfg = Debug|Any CPU
		{9BFB74FD-6B65-4EB1-9B38-EA1687C0C374}.Debug|Any CPU.Build.0 = Debug|Any CPU
		{9BFB74FD-6B65-4EB1-9B38-EA1687C0C374}.Debug|x64.ActiveCfg = Debug|Any CPU
		{9BFB74FD-6B65-4EB1-9B38-EA1687C0C374}.Debug|x64.Build.0 = Debug|Any CPU
		{9BFB74FD-6B65-4EB1-9B38-EA1687C0C374}.Debug|x86.ActiveCfg = Debug|Any CPU
		{9BFB74FD-6B65-4EB1-9B38-EA1687C0C374}.Debug|x86.Build.0 = Debug|Any CPU
		{9BFB74FD-6B65-4EB1-9B38-EA1687C0C374}.Release|Any CPU.ActiveCfg = Release|Any CPU
		{9BFB74FD-6B65-4EB1-9B38-EA1687C0C374}.Release|Any CPU.Build.0 = Release|Any CPU
		{9BFB74FD-6B65-4EB1-9B38-EA1687C0C374}.Release|x64.ActiveCfg = Release|Any CPU
		{9BFB74FD-6B65-4EB1-9B38-EA1687C0C374}.Release|x64.Build.0 = Release|Any CPU
		{9BFB74FD-6B65-4EB1-9B38-EA1687C0C374}.Release|x86.ActiveCfg = Release|Any CPU
		{9BFB74FD-6B65-4EB1-9B38-EA1687C0C374}.Release|x86.Build.0 = Release|Any CPU
		{3188C0C3-F055-4E93-BD92-CAAC4B932B87}.Debug|Any CPU.ActiveCfg = Debug|Any CPU
		{3188C0C3-F055-4E93-BD92-CAAC4B932B87}.Debug|Any CPU.Build.0 = Debug|Any CPU
		{3188C0C3-F055-4E93-BD92-CAAC4B932B87}.Debug|x64.ActiveCfg = Debug|Any CPU
		{3188C0C3-F055-4E93-BD92-CAAC4B932B87}.Debug|x64.Build.0 = Debug|Any CPU
		{3188C0C3-F055-4E93-BD92-CAAC4B932B87}.Debug|x86.ActiveCfg = Debug|Any CPU
		{3188C0C3-F055-4E93-BD92-CAAC4B932B87}.Debug|x86.Build.0 = Debug|Any CPU
		{3188C0C3-F055-4E93-BD92-CAAC4B932B87}.Release|Any CPU.ActiveCfg = Release|Any CPU
		{3188C0C3-F055-4E93-BD92-CAAC4B932B87}.Release|Any CPU.Build.0 = Release|Any CPU
		{3188C0C3-F055-4E93-BD92-CAAC4B932B87}.Release|x64.ActiveCfg = Release|Any CPU
		{3188C0C3-F055-4E93-BD92-CAAC4B932B87}.Release|x64.Build.0 = Release|Any CPU
		{3188C0C3-F055-4E93-BD92-CAAC4B932B87}.Release|x86.ActiveCfg = Release|Any CPU
		{3188C0C3-F055-4E93-BD92-CAAC4B932B87}.Release|x86.Build.0 = Release|Any CPU
		{91F88D43-F88E-44FB-8828-110C11B785E0}.Debug|Any CPU.ActiveCfg = Debug|Any CPU
		{91F88D43-F88E-44FB-8828-110C11B785E0}.Debug|Any CPU.Build.0 = Debug|Any CPU
		{91F88D43-F88E-44FB-8828-110C11B785E0}.Debug|x64.ActiveCfg = Debug|Any CPU
		{91F88D43-F88E-44FB-8828-110C11B785E0}.Debug|x64.Build.0 = Debug|Any CPU
		{91F88D43-F88E-44FB-8828-110C11B785E0}.Debug|x86.ActiveCfg = Debug|Any CPU
		{91F88D43-F88E-44FB-8828-110C11B785E0}.Debug|x86.Build.0 = Debug|Any CPU
		{91F88D43-F88E-44FB-8828-110C11B785E0}.Release|Any CPU.ActiveCfg = Release|Any CPU
		{91F88D43-F88E-44FB-8828-110C11B785E0}.Release|Any CPU.Build.0 = Release|Any CPU
		{91F88D43-F88E-44FB-8828-110C11B785E0}.Release|x64.ActiveCfg = Release|Any CPU
		{91F88D43-F88E-44FB-8828-110C11B785E0}.Release|x64.Build.0 = Release|Any CPU
		{91F88D43-F88E-44FB-8828-110C11B785E0}.Release|x86.ActiveCfg = Release|Any CPU
		{91F88D43-F88E-44FB-8828-110C11B785E0}.Release|x86.Build.0 = Release|Any CPU
	EndGlobalSection
	GlobalSection(SolutionProperties) = preSolution
		HideSolutionNode = FALSE
	EndGlobalSection
EndGlobal
